
Microsoft Visual Studio Solution File, Format Version 12.00
# Visual Studio Version 17
VisualStudioVersion = 17.0.31903.59
MinimumVisualStudioVersion = 10.0.40219.1
Project("{9A19103F-16F7-4668-BE54-9A1E7A4F7556}") = "Namecheap.Library", "src\Namecheap.Library\Namecheap.Library.csproj", "{3A51C1A0-F511-4301-A3B0-00BA947F6495}"
EndProject
Project("{9A19103F-16F7-4668-BE54-9A1E7A4F7556}") = "Namecheap.Library.Tests", "test\Namecheap.Library.Tests\Namecheap.Library.Tests.csproj", "{4BAAFAAE-09B9-4754-A724-76E708882887}"
EndProject
Project("{2150E333-8FDC-42A3-9474-1A3956D46DE8}") = "Tests", "Tests", "{4CA1A912-221F-466B-9D2A-DC93F0E696AF}"
	ProjectSection(SolutionItems) = preProject
		test\Directory.Packages.props = test\Directory.Packages.props
	EndProjectSection
EndProject
Project("{9A19103F-16F7-4668-BE54-9A1E7A4F7556}") = "Synology.Namecheap.Adapter.Library", "src\Synology.Namecheap.Adapter.Library\Synology.Namecheap.Adapter.Library.csproj", "{A53BD191-1920-47CC-A81F-132E43F11C06}"
EndProject
Project("{9A19103F-16F7-4668-BE54-9A1E7A4F7556}") = "Synology.Namecheap.Adapter.Library.Tests", "test\Synology.Namecheap.Adapter.Library.Tests\Synology.Namecheap.Adapter.Library.Tests.csproj", "{1F11A263-8147-44ED-A838-810C50592EB7}"
EndProject
Project("{9A19103F-16F7-4668-BE54-9A1E7A4F7556}") = "Synology.Ddns.Update.Service", "src\Synology.Ddns.Update.Service\Synology.Ddns.Update.Service.csproj", "{9026F967-67FC-43D8-8B26-3849AD1BEF51}"
EndProject
Project("{FAE04EC0-301F-11D3-BF4B-00C04F79EFBC}") = "Test.Library", "test\Test.Library\Test.Library.csproj", "{4A6A6591-0E29-4832-B411-927CDBE61E59}"
EndProject
Project("{9A19103F-16F7-4668-BE54-9A1E7A4F7556}") = "Synology.Ddns.Update.Service.ScenarioTests", "test\Synology.Ddns.Update.Service.ScenarioTests\Synology.Ddns.Update.Service.ScenarioTests.csproj", "{D1D90E0D-F772-4A37-A012-F9EBFFD8C3D2}"
EndProject
Project("{FAE04EC0-301F-11D3-BF4B-00C04F79EFBC}") = "Synology.Ddns.Update.Service.Tests", "test\Synology.Ddns.Update.Service.Tests\Synology.Ddns.Update.Service.Tests.csproj", "{41DC1DA6-D19C-4B65-81FF-15F7412CE9B5}"
EndProject
Global
	GlobalSection(SolutionConfigurationPlatforms) = preSolution
		Debug|Any CPU = Debug|Any CPU
		Release|Any CPU = Release|Any CPU
	EndGlobalSection
	GlobalSection(ProjectConfigurationPlatforms) = postSolution
		{3A51C1A0-F511-4301-A3B0-00BA947F6495}.Debug|Any CPU.ActiveCfg = Debug|Any CPU
		{3A51C1A0-F511-4301-A3B0-00BA947F6495}.Debug|Any CPU.Build.0 = Debug|Any CPU
		{3A51C1A0-F511-4301-A3B0-00BA947F6495}.Release|Any CPU.ActiveCfg = Release|Any CPU
		{3A51C1A0-F511-4301-A3B0-00BA947F6495}.Release|Any CPU.Build.0 = Release|Any CPU
		{4BAAFAAE-09B9-4754-A724-76E708882887}.Debug|Any CPU.ActiveCfg = Debug|Any CPU
		{4BAAFAAE-09B9-4754-A724-76E708882887}.Debug|Any CPU.Build.0 = Debug|Any CPU
		{4BAAFAAE-09B9-4754-A724-76E708882887}.Release|Any CPU.ActiveCfg = Release|Any CPU
		{4BAAFAAE-09B9-4754-A724-76E708882887}.Release|Any CPU.Build.0 = Release|Any CPU
		{A53BD191-1920-47CC-A81F-132E43F11C06}.Debug|Any CPU.ActiveCfg = Debug|Any CPU
		{A53BD191-1920-47CC-A81F-132E43F11C06}.Debug|Any CPU.Build.0 = Debug|Any CPU
		{A53BD191-1920-47CC-A81F-132E43F11C06}.Release|Any CPU.ActiveCfg = Release|Any CPU
		{A53BD191-1920-47CC-A81F-132E43F11C06}.Release|Any CPU.Build.0 = Release|Any CPU
		{1F11A263-8147-44ED-A838-810C50592EB7}.Debug|Any CPU.ActiveCfg = Debug|Any CPU
		{1F11A263-8147-44ED-A838-810C50592EB7}.Debug|Any CPU.Build.0 = Debug|Any CPU
		{1F11A263-8147-44ED-A838-810C50592EB7}.Release|Any CPU.ActiveCfg = Release|Any CPU
		{1F11A263-8147-44ED-A838-810C50592EB7}.Release|Any CPU.Build.0 = Release|Any CPU
		{9026F967-67FC-43D8-8B26-3849AD1BEF51}.Debug|Any CPU.ActiveCfg = Debug|Any CPU
		{9026F967-67FC-43D8-8B26-3849AD1BEF51}.Debug|Any CPU.Build.0 = Debug|Any CPU
		{9026F967-67FC-43D8-8B26-3849AD1BEF51}.Release|Any CPU.ActiveCfg = Release|Any CPU
		{9026F967-67FC-43D8-8B26-3849AD1BEF51}.Release|Any CPU.Build.0 = Release|Any CPU
		{4A6A6591-0E29-4832-B411-927CDBE61E59}.Debug|Any CPU.ActiveCfg = Debug|Any CPU
		{4A6A6591-0E29-4832-B411-927CDBE61E59}.Debug|Any CPU.Build.0 = Debug|Any CPU
		{4A6A6591-0E29-4832-B411-927CDBE61E59}.Release|Any CPU.ActiveCfg = Release|Any CPU
		{4A6A6591-0E29-4832-B411-927CDBE61E59}.Release|Any CPU.Build.0 = Release|Any CPU
		{D1D90E0D-F772-4A37-A012-F9EBFFD8C3D2}.Debug|Any CPU.ActiveCfg = Debug|Any CPU
		{D1D90E0D-F772-4A37-A012-F9EBFFD8C3D2}.Debug|Any CPU.Build.0 = Debug|Any CPU
		{D1D90E0D-F772-4A37-A012-F9EBFFD8C3D2}.Release|Any CPU.ActiveCfg = Release|Any CPU
		{D1D90E0D-F772-4A37-A012-F9EBFFD8C3D2}.Release|Any CPU.Build.0 = Release|Any CPU
		{41DC1DA6-D19C-4B65-81FF-15F7412CE9B5}.Debug|Any CPU.ActiveCfg = Debug|Any CPU
		{41DC1DA6-D19C-4B65-81FF-15F7412CE9B5}.Debug|Any CPU.Build.0 = Debug|Any CPU
		{41DC1DA6-D19C-4B65-81FF-15F7412CE9B5}.Release|Any CPU.ActiveCfg = Release|Any CPU
		{41DC1DA6-D19C-4B65-81FF-15F7412CE9B5}.Release|Any CPU.Build.0 = Release|Any CPU
	EndGlobalSection
	GlobalSection(SolutionProperties) = preSolution
		HideSolutionNode = FALSE
	EndGlobalSection
	GlobalSection(NestedProjects) = preSolution
		{4BAAFAAE-09B9-4754-A724-76E708882887} = {4CA1A912-221F-466B-9D2A-DC93F0E696AF}
		{1F11A263-8147-44ED-A838-810C50592EB7} = {4CA1A912-221F-466B-9D2A-DC93F0E696AF}
		{4A6A6591-0E29-4832-B411-927CDBE61E59} = {4CA1A912-221F-466B-9D2A-DC93F0E696AF}
		{D1D90E0D-F772-4A37-A012-F9EBFFD8C3D2} = {4CA1A912-221F-466B-9D2A-DC93F0E696AF}
		{41DC1DA6-D19C-4B65-81FF-15F7412CE9B5} = {4CA1A912-221F-466B-9D2A-DC93F0E696AF}
	EndGlobalSection
	GlobalSection(ExtensibilityGlobals) = postSolution
		SolutionGuid = {49AD0388-91B6-4329-843C-232B44D794F2}
	EndGlobalSection
EndGlobal
